
Microsoft Visual Studio Solution File, Format Version 12.00
# Visual Studio Version 16
VisualStudioVersion = 16.0.31313.79
MinimumVisualStudioVersion = 10.0.40219.1
Project("{FAE04EC0-301F-11D3-BF4B-00C04F79EFBC}") = "MethodsWithLoopsAndConditionals", "MethodsWithLoopsAndConditionals\MethodsWithLoopsAndConditionals.csproj", "{24E5F070-561B-42B5-84DD-50C2F117A753}"
EndProject
Global
	GlobalSection(SolutionConfigurationPlatforms) = preSolution
		Debug|Any CPU = Debug|Any CPU
		Release|Any CPU = Release|Any CPU
	EndGlobalSection
	GlobalSection(ProjectConfigurationPlatforms) = postSolution
		{24E5F070-561B-42B5-84DD-50C2F117A753}.Debug|Any CPU.ActiveCfg = Debug|Any CPU
		{24E5F070-561B-42B5-84DD-50C2F117A753}.Debug|Any CPU.Build.0 = Debug|Any CPU
		{24E5F070-561B-42B5-84DD-50C2F117A753}.Release|Any CPU.ActiveCfg = Release|Any CPU
		{24E5F070-561B-42B5-84DD-50C2F117A753}.Release|Any CPU.Build.0 = Release|Any CPU
	EndGlobalSection
	GlobalSection(SolutionProperties) = preSolution
		HideSolutionNode = FALSE
	EndGlobalSection
	GlobalSection(ExtensibilityGlobals) = postSolution
		SolutionGuid = {7DB7A76C-2EE2-4BE0-9D53-CA6E39783830}
	EndGlobalSection
EndGlobal
